
Microsoft Visual Studio Solution File, Format Version 12.00
# Visual Studio Version 16
VisualStudioVersion = 16.0.29613.14
MinimumVisualStudioVersion = 10.0.40219.1
Project("{FAE04EC0-301F-11D3-BF4B-00C04F79EFBC}") = "Satıs_Takip", "Satıs_Takip\Satıs_Takip.csproj", "{37A291E9-8431-4321-9EBA-B6911D5CCA67}"
EndProject
Global
	GlobalSection(SolutionConfigurationPlatforms) = preSolution
		Debug|Any CPU = Debug|Any CPU
		Release|Any CPU = Release|Any CPU
	EndGlobalSection
	GlobalSection(ProjectConfigurationPlatforms) = postSolution
		{37A291E9-8431-4321-9EBA-B6911D5CCA67}.Debug|Any CPU.ActiveCfg = Debug|Any CPU
		{37A291E9-8431-4321-9EBA-B6911D5CCA67}.Debug|Any CPU.Build.0 = Debug|Any CPU
		{37A291E9-8431-4321-9EBA-B6911D5CCA67}.Release|Any CPU.ActiveCfg = Release|Any CPU
		{37A291E9-8431-4321-9EBA-B6911D5CCA67}.Release|Any CPU.Build.0 = Release|Any CPU
	EndGlobalSection
	GlobalSection(SolutionProperties) = preSolution
		HideSolutionNode = FALSE
	EndGlobalSection
	GlobalSection(ExtensibilityGlobals) = postSolution
		SolutionGuid = {0E35074D-243A-4459-9564-B7FAD5FFB70D}
	EndGlobalSection
EndGlobal
